// !$*UTF8*$!
{
	archiveVersion = 1;
	classes = {
	};
	objectVersion = 46;
	objects = {

/* Begin PBXBuildFile section */
		023FC3811A0E5325004F2070 /* defaultCell.m in Sources */ = {isa = PBXBuildFile; fileRef = 023FC3801A0E5325004F2070 /* defaultCell.m */; };
		023FC3871A0E5953004F2070 /* DetailController.m in Sources */ = {isa = PBXBuildFile; fileRef = 023FC3861A0E5953004F2070 /* DetailController.m */; };
		025039C91A0E837500D9656D /* CurrentLocationManager.m in Sources */ = {isa = PBXBuildFile; fileRef = 025039C81A0E837500D9656D /* CurrentLocationManager.m */; };
		025039CC1A0E877800D9656D /* UIImage+AddGPS.m in Sources */ = {isa = PBXBuildFile; fileRef = 025039CB1A0E877800D9656D /* UIImage+AddGPS.m */; };
		028B79A11A0E99C500F8F852 /* slr_camera2_filled-512.png in Resources */ = {isa = PBXBuildFile; fileRef = 028B79A01A0E99C500F8F852 /* slr_camera2_filled-512.png */; };
		02C1F24B1A0E10450072655D /* DropBoxManager.m in Sources */ = {isa = PBXBuildFile; fileRef = 02C1F24A1A0E10450072655D /* DropBoxManager.m */; };
		02C1F2511A0E10950072655D /* ModelController.m in Sources */ = {isa = PBXBuildFile; fileRef = 02C1F2501A0E10950072655D /* ModelController.m */; };
		02C1F2541A0E11900072655D /* CameraController.m in Sources */ = {isa = PBXBuildFile; fileRef = 02C1F2531A0E11900072655D /* CameraController.m */; };
		02C1F2611A0E19750072655D /* globe_filled.png in Resources */ = {isa = PBXBuildFile; fileRef = 02C1F2551A0E19750072655D /* globe_filled.png */; };
		02C1F2621A0E19750072655D /* globe_filled@2x.png in Resources */ = {isa = PBXBuildFile; fileRef = 02C1F2561A0E19750072655D /* globe_filled@2x.png */; };
		02C1F2631A0E19750072655D /* globe_filled@3x.png in Resources */ = {isa = PBXBuildFile; fileRef = 02C1F2571A0E19750072655D /* globe_filled@3x.png */; };
		02C1F2641A0E19750072655D /* globe.png in Resources */ = {isa = PBXBuildFile; fileRef = 02C1F2581A0E19750072655D /* globe.png */; };
		02C1F2651A0E19750072655D /* globe@2x.png in Resources */ = {isa = PBXBuildFile; fileRef = 02C1F2591A0E19750072655D /* globe@2x.png */; };
		02C1F2661A0E19750072655D /* globe@3x.png in Resources */ = {isa = PBXBuildFile; fileRef = 02C1F25A1A0E19750072655D /* globe@3x.png */; };
		02C1F2671A0E19750072655D /* stack_of_photos_filled.png in Resources */ = {isa = PBXBuildFile; fileRef = 02C1F25B1A0E19750072655D /* stack_of_photos_filled.png */; };
		02C1F2681A0E19750072655D /* stack_of_photos_filled@2x.png in Resources */ = {isa = PBXBuildFile; fileRef = 02C1F25C1A0E19750072655D /* stack_of_photos_filled@2x.png */; };
		02C1F2691A0E19750072655D /* stack_of_photos_filled@3x.png in Resources */ = {isa = PBXBuildFile; fileRef = 02C1F25D1A0E19750072655D /* stack_of_photos_filled@3x.png */; };
		02C1F26A1A0E19750072655D /* stack_of_photos.png in Resources */ = {isa = PBXBuildFile; fileRef = 02C1F25E1A0E19750072655D /* stack_of_photos.png */; };
		02C1F26B1A0E19750072655D /* stack_of_photos@2x.png in Resources */ = {isa = PBXBuildFile; fileRef = 02C1F25F1A0E19750072655D /* stack_of_photos@2x.png */; };
		02C1F26C1A0E19750072655D /* stack_of_photos@3x.png in Resources */ = {isa = PBXBuildFile; fileRef = 02C1F2601A0E19750072655D /* stack_of_photos@3x.png */; };
		02C1F2801A0E1D320072655D /* slr_camera2_filled.png in Resources */ = {isa = PBXBuildFile; fileRef = 02C1F27A1A0E1D320072655D /* slr_camera2_filled.png */; };
		02C1F2811A0E1D320072655D /* slr_camera2_filled@2x.png in Resources */ = {isa = PBXBuildFile; fileRef = 02C1F27B1A0E1D320072655D /* slr_camera2_filled@2x.png */; };
		02C1F2821A0E1D320072655D /* slr_camera2_filled@3x.png in Resources */ = {isa = PBXBuildFile; fileRef = 02C1F27C1A0E1D320072655D /* slr_camera2_filled@3x.png */; };
		02C1F2831A0E1D320072655D /* slr_camera2.png in Resources */ = {isa = PBXBuildFile; fileRef = 02C1F27D1A0E1D320072655D /* slr_camera2.png */; };
		02C1F2841A0E1D320072655D /* slr_camera2@2x.png in Resources */ = {isa = PBXBuildFile; fileRef = 02C1F27E1A0E1D320072655D /* slr_camera2@2x.png */; };
		02C1F2851A0E1D320072655D /* slr_camera2@3x.png in Resources */ = {isa = PBXBuildFile; fileRef = 02C1F27F1A0E1D320072655D /* slr_camera2@3x.png */; };
		02C1F28A1A0E1F6E0072655D /* Dropbox.framework in Frameworks */ = {isa = PBXBuildFile; fileRef = 02C1F2891A0E1F6E0072655D /* Dropbox.framework */; };
		02C1F28C1A0E20EE0072655D /* CFNetwork.framework in Frameworks */ = {isa = PBXBuildFile; fileRef = 02C1F28B1A0E20EE0072655D /* CFNetwork.framework */; };
		02C1F28E1A0E20F70072655D /* Security.framework in Frameworks */ = {isa = PBXBuildFile; fileRef = 02C1F28D1A0E20F70072655D /* Security.framework */; };
		02C1F2901A0E21030072655D /* SystemConfiguration.framework in Frameworks */ = {isa = PBXBuildFile; fileRef = 02C1F28F1A0E21030072655D /* SystemConfiguration.framework */; };
		02C1F2921A0E210D0072655D /* QuartzCore.framework in Frameworks */ = {isa = PBXBuildFile; fileRef = 02C1F2911A0E210D0072655D /* QuartzCore.framework */; };
		02C1F2941A0E211F0072655D /* libc++.dylib in Frameworks */ = {isa = PBXBuildFile; fileRef = 02C1F2931A0E211F0072655D /* libc++.dylib */; };
		02C1F2961A0E212F0072655D /* libz.dylib in Frameworks */ = {isa = PBXBuildFile; fileRef = 02C1F2951A0E212F0072655D /* libz.dylib */; };
		02C1F2991A0E230A0072655D /* UIKit.framework in Frameworks */ = {isa = PBXBuildFile; fileRef = 02C1F2981A0E230A0072655D /* UIKit.framework */; };
		02C1F29E1A0E2D0A0072655D /* Keys.m in Sources */ = {isa = PBXBuildFile; fileRef = 02C1F29D1A0E2D0A0072655D /* Keys.m */; };
		02F5BF2A1A0DE7D700A52C6E /* main.m in Sources */ = {isa = PBXBuildFile; fileRef = 02F5BF291A0DE7D700A52C6E /* main.m */; };
		02F5BF2D1A0DE7D700A52C6E /* AppDelegate.m in Sources */ = {isa = PBXBuildFile; fileRef = 02F5BF2C1A0DE7D700A52C6E /* AppDelegate.m */; };
		02F5BF301A0DE7D700A52C6E /* ListViewController.m in Sources */ = {isa = PBXBuildFile; fileRef = 02F5BF2F1A0DE7D700A52C6E /* ListViewController.m */; };
		02F5BF331A0DE7D700A52C6E /* MapViewController.m in Sources */ = {isa = PBXBuildFile; fileRef = 02F5BF321A0DE7D700A52C6E /* MapViewController.m */; };
		02F5BF361A0DE7D700A52C6E /* Main.storyboard in Resources */ = {isa = PBXBuildFile; fileRef = 02F5BF341A0DE7D700A52C6E /* Main.storyboard */; };
		02F5BF381A0DE7D700A52C6E /* Images.xcassets in Resources */ = {isa = PBXBuildFile; fileRef = 02F5BF371A0DE7D700A52C6E /* Images.xcassets */; };
		02F5BF3B1A0DE7D700A52C6E /* LaunchScreen.xib in Resources */ = {isa = PBXBuildFile; fileRef = 02F5BF391A0DE7D700A52C6E /* LaunchScreen.xib */; };
		02F5BF471A0DE7D700A52C6E /* dropBoxerTests.m in Sources */ = {isa = PBXBuildFile; fileRef = 02F5BF461A0DE7D700A52C6E /* dropBoxerTests.m */; };
/* End PBXBuildFile section */

/* Begin PBXContainerItemProxy section */
		02F5BF411A0DE7D700A52C6E /* PBXContainerItemProxy */ = {
			isa = PBXContainerItemProxy;
			containerPortal = 02F5BF1C1A0DE7D700A52C6E /* Project object */;
			proxyType = 1;
			remoteGlobalIDString = 02F5BF231A0DE7D700A52C6E;
			remoteInfo = dropBoxer;
		};
/* End PBXContainerItemProxy section */

/* Begin PBXFileReference section */
		023FC37A1A0E466F004F2070 /* ListControllerDelegate.h */ = {isa = PBXFileReference; fileEncoding = 4; lastKnownFileType = sourcecode.c.h; path = ListControllerDelegate.h; sourceTree = "<group>"; };
		023FC37B1A0E46CB004F2070 /* ModelControllerDelegate.h */ = {isa = PBXFileReference; fileEncoding = 4; lastKnownFileType = sourcecode.c.h; path = ModelControllerDelegate.h; sourceTree = "<group>"; };
		023FC37F1A0E5325004F2070 /* defaultCell.h */ = {isa = PBXFileReference; fileEncoding = 4; lastKnownFileType = sourcecode.c.h; path = defaultCell.h; sourceTree = "<group>"; };
		023FC3801A0E5325004F2070 /* defaultCell.m */ = {isa = PBXFileReference; fileEncoding = 4; lastKnownFileType = sourcecode.c.objc; path = defaultCell.m; sourceTree = "<group>"; };
		023FC3851A0E5953004F2070 /* DetailController.h */ = {isa = PBXFileReference; fileEncoding = 4; lastKnownFileType = sourcecode.c.h; path = DetailController.h; sourceTree = "<group>"; };
		023FC3861A0E5953004F2070 /* DetailController.m */ = {isa = PBXFileReference; fileEncoding = 4; lastKnownFileType = sourcecode.c.objc; path = DetailController.m; sourceTree = "<group>"; };
		025039C71A0E837500D9656D /* CurrentLocationManager.h */ = {isa = PBXFileReference; fileEncoding = 4; lastKnownFileType = sourcecode.c.h; path = CurrentLocationManager.h; sourceTree = "<group>"; };
		025039C81A0E837500D9656D /* CurrentLocationManager.m */ = {isa = PBXFileReference; fileEncoding = 4; lastKnownFileType = sourcecode.c.objc; path = CurrentLocationManager.m; sourceTree = "<group>"; };
		025039CA1A0E877800D9656D /* UIImage+AddGPS.h */ = {isa = PBXFileReference; fileEncoding = 4; lastKnownFileType = sourcecode.c.h; path = "UIImage+AddGPS.h"; sourceTree = "<group>"; };
		025039CB1A0E877800D9656D /* UIImage+AddGPS.m */ = {isa = PBXFileReference; fileEncoding = 4; lastKnownFileType = sourcecode.c.objc; path = "UIImage+AddGPS.m"; sourceTree = "<group>"; };
		028B79A01A0E99C500F8F852 /* slr_camera2_filled-512.png */ = {isa = PBXFileReference; lastKnownFileType = image.png; path = "slr_camera2_filled-512.png"; sourceTree = "<group>"; };
		02C1F2491A0E10450072655D /* DropBoxManager.h */ = {isa = PBXFileReference; fileEncoding = 4; lastKnownFileType = sourcecode.c.h; path = DropBoxManager.h; sourceTree = "<group>"; };
		02C1F24A1A0E10450072655D /* DropBoxManager.m */ = {isa = PBXFileReference; fileEncoding = 4; lastKnownFileType = sourcecode.c.objc; path = DropBoxManager.m; sourceTree = "<group>"; };
		02C1F24F1A0E10950072655D /* ModelController.h */ = {isa = PBXFileReference; fileEncoding = 4; lastKnownFileType = sourcecode.c.h; path = ModelController.h; sourceTree = "<group>"; };
		02C1F2501A0E10950072655D /* ModelController.m */ = {isa = PBXFileReference; fileEncoding = 4; lastKnownFileType = sourcecode.c.objc; path = ModelController.m; sourceTree = "<group>"; };
		02C1F2521A0E11900072655D /* CameraController.h */ = {isa = PBXFileReference; fileEncoding = 4; lastKnownFileType = sourcecode.c.h; path = CameraController.h; sourceTree = "<group>"; };
		02C1F2531A0E11900072655D /* CameraController.m */ = {isa = PBXFileReference; fileEncoding = 4; lastKnownFileType = sourcecode.c.objc; path = CameraController.m; sourceTree = "<group>"; };
		02C1F2551A0E19750072655D /* globe_filled.png */ = {isa = PBXFileReference; lastKnownFileType = image.png; path = globe_filled.png; sourceTree = "<group>"; };
		02C1F2561A0E19750072655D /* globe_filled@2x.png */ = {isa = PBXFileReference; lastKnownFileType = image.png; path = "globe_filled@2x.png"; sourceTree = "<group>"; };
		02C1F2571A0E19750072655D /* globe_filled@3x.png */ = {isa = PBXFileReference; lastKnownFileType = image.png; path = "globe_filled@3x.png"; sourceTree = "<group>"; };
		02C1F2581A0E19750072655D /* globe.png */ = {isa = PBXFileReference; lastKnownFileType = image.png; path = globe.png; sourceTree = "<group>"; };
		02C1F2591A0E19750072655D /* globe@2x.png */ = {isa = PBXFileReference; lastKnownFileType = image.png; path = "globe@2x.png"; sourceTree = "<group>"; };
		02C1F25A1A0E19750072655D /* globe@3x.png */ = {isa = PBXFileReference; lastKnownFileType = image.png; path = "globe@3x.png"; sourceTree = "<group>"; };
		02C1F25B1A0E19750072655D /* stack_of_photos_filled.png */ = {isa = PBXFileReference; lastKnownFileType = image.png; path = stack_of_photos_filled.png; sourceTree = "<group>"; };
		02C1F25C1A0E19750072655D /* stack_of_photos_filled@2x.png */ = {isa = PBXFileReference; lastKnownFileType = image.png; path = "stack_of_photos_filled@2x.png"; sourceTree = "<group>"; };
		02C1F25D1A0E19750072655D /* stack_of_photos_filled@3x.png */ = {isa = PBXFileReference; lastKnownFileType = image.png; path = "stack_of_photos_filled@3x.png"; sourceTree = "<group>"; };
		02C1F25E1A0E19750072655D /* stack_of_photos.png */ = {isa = PBXFileReference; lastKnownFileType = image.png; path = stack_of_photos.png; sourceTree = "<group>"; };
		02C1F25F1A0E19750072655D /* stack_of_photos@2x.png */ = {isa = PBXFileReference; lastKnownFileType = image.png; path = "stack_of_photos@2x.png"; sourceTree = "<group>"; };
		02C1F2601A0E19750072655D /* stack_of_photos@3x.png */ = {isa = PBXFileReference; lastKnownFileType = image.png; path = "stack_of_photos@3x.png"; sourceTree = "<group>"; };
		02C1F27A1A0E1D320072655D /* slr_camera2_filled.png */ = {isa = PBXFileReference; lastKnownFileType = image.png; path = slr_camera2_filled.png; sourceTree = "<group>"; };
		02C1F27B1A0E1D320072655D /* slr_camera2_filled@2x.png */ = {isa = PBXFileReference; lastKnownFileType = image.png; path = "slr_camera2_filled@2x.png"; sourceTree = "<group>"; };
		02C1F27C1A0E1D320072655D /* slr_camera2_filled@3x.png */ = {isa = PBXFileReference; lastKnownFileType = image.png; path = "slr_camera2_filled@3x.png"; sourceTree = "<group>"; };
		02C1F27D1A0E1D320072655D /* slr_camera2.png */ = {isa = PBXFileReference; lastKnownFileType = image.png; path = slr_camera2.png; sourceTree = "<group>"; };
		02C1F27E1A0E1D320072655D /* slr_camera2@2x.png */ = {isa = PBXFileReference; lastKnownFileType = image.png; path = "slr_camera2@2x.png"; sourceTree = "<group>"; };
		02C1F27F1A0E1D320072655D /* slr_camera2@3x.png */ = {isa = PBXFileReference; lastKnownFileType = image.png; path = "slr_camera2@3x.png"; sourceTree = "<group>"; };
		02C1F2891A0E1F6E0072655D /* Dropbox.framework */ = {isa = PBXFileReference; lastKnownFileType = wrapper.framework; path = Dropbox.framework; sourceTree = "<group>"; };
		02C1F28B1A0E20EE0072655D /* CFNetwork.framework */ = {isa = PBXFileReference; lastKnownFileType = wrapper.framework; name = CFNetwork.framework; path = System/Library/Frameworks/CFNetwork.framework; sourceTree = SDKROOT; };
		02C1F28D1A0E20F70072655D /* Security.framework */ = {isa = PBXFileReference; lastKnownFileType = wrapper.framework; name = Security.framework; path = System/Library/Frameworks/Security.framework; sourceTree = SDKROOT; };
		02C1F28F1A0E21030072655D /* SystemConfiguration.framework */ = {isa = PBXFileReference; lastKnownFileType = wrapper.framework; name = SystemConfiguration.framework; path = System/Library/Frameworks/SystemConfiguration.framework; sourceTree = SDKROOT; };
		02C1F2911A0E210D0072655D /* QuartzCore.framework */ = {isa = PBXFileReference; lastKnownFileType = wrapper.framework; name = QuartzCore.framework; path = System/Library/Frameworks/QuartzCore.framework; sourceTree = SDKROOT; };
		02C1F2931A0E211F0072655D /* libc++.dylib */ = {isa = PBXFileReference; lastKnownFileType = "compiled.mach-o.dylib"; name = "libc++.dylib"; path = "usr/lib/libc++.dylib"; sourceTree = SDKROOT; };
		02C1F2951A0E212F0072655D /* libz.dylib */ = {isa = PBXFileReference; lastKnownFileType = "compiled.mach-o.dylib"; name = libz.dylib; path = usr/lib/libz.dylib; sourceTree = SDKROOT; };
		02C1F2981A0E230A0072655D /* UIKit.framework */ = {isa = PBXFileReference; lastKnownFileType = wrapper.framework; name = UIKit.framework; path = System/Library/Frameworks/UIKit.framework; sourceTree = SDKROOT; };
		02C1F29B1A0E287D0072655D /* dropBoxer.pch */ = {isa = PBXFileReference; fileEncoding = 4; lastKnownFileType = sourcecode.c.h; path = dropBoxer.pch; sourceTree = "<group>"; };
		02C1F29C1A0E2D0A0072655D /* Keys.h */ = {isa = PBXFileReference; fileEncoding = 4; lastKnownFileType = sourcecode.c.h; path = Keys.h; sourceTree = "<group>"; };
		02C1F29D1A0E2D0A0072655D /* Keys.m */ = {isa = PBXFileReference; fileEncoding = 4; lastKnownFileType = sourcecode.c.objc; path = Keys.m; sourceTree = "<group>"; };
		02F5BF241A0DE7D700A52C6E /* dropBoxer.app */ = {isa = PBXFileReference; explicitFileType = wrapper.application; includeInIndex = 0; path = dropBoxer.app; sourceTree = BUILT_PRODUCTS_DIR; };
		02F5BF281A0DE7D700A52C6E /* Info.plist */ = {isa = PBXFileReference; lastKnownFileType = text.plist.xml; path = Info.plist; sourceTree = "<group>"; };
		02F5BF291A0DE7D700A52C6E /* main.m */ = {isa = PBXFileReference; lastKnownFileType = sourcecode.c.objc; path = main.m; sourceTree = "<group>"; };
		02F5BF2B1A0DE7D700A52C6E /* AppDelegate.h */ = {isa = PBXFileReference; lastKnownFileType = sourcecode.c.h; path = AppDelegate.h; sourceTree = "<group>"; };
		02F5BF2C1A0DE7D700A52C6E /* AppDelegate.m */ = {isa = PBXFileReference; lastKnownFileType = sourcecode.c.objc; path = AppDelegate.m; sourceTree = "<group>"; };
		02F5BF2E1A0DE7D700A52C6E /* ListViewController.h */ = {isa = PBXFileReference; lastKnownFileType = sourcecode.c.h; path = ListViewController.h; sourceTree = "<group>"; };
		02F5BF2F1A0DE7D700A52C6E /* ListViewController.m */ = {isa = PBXFileReference; lastKnownFileType = sourcecode.c.objc; path = ListViewController.m; sourceTree = "<group>"; };
		02F5BF311A0DE7D700A52C6E /* MapViewController.h */ = {isa = PBXFileReference; lastKnownFileType = sourcecode.c.h; path = MapViewController.h; sourceTree = "<group>"; };
		02F5BF321A0DE7D700A52C6E /* MapViewController.m */ = {isa = PBXFileReference; lastKnownFileType = sourcecode.c.objc; path = MapViewController.m; sourceTree = "<group>"; };
		02F5BF351A0DE7D700A52C6E /* Base */ = {isa = PBXFileReference; lastKnownFileType = file.storyboard; name = Base; path = Base.lproj/Main.storyboard; sourceTree = "<group>"; };
		02F5BF371A0DE7D700A52C6E /* Images.xcassets */ = {isa = PBXFileReference; lastKnownFileType = folder.assetcatalog; path = Images.xcassets; sourceTree = "<group>"; };
		02F5BF3A1A0DE7D700A52C6E /* Base */ = {isa = PBXFileReference; lastKnownFileType = file.xib; name = Base; path = Base.lproj/LaunchScreen.xib; sourceTree = "<group>"; };
		02F5BF401A0DE7D700A52C6E /* dropBoxerTests.xctest */ = {isa = PBXFileReference; explicitFileType = wrapper.cfbundle; includeInIndex = 0; path = dropBoxerTests.xctest; sourceTree = BUILT_PRODUCTS_DIR; };
		02F5BF451A0DE7D700A52C6E /* Info.plist */ = {isa = PBXFileReference; lastKnownFileType = text.plist.xml; path = Info.plist; sourceTree = "<group>"; };
		02F5BF461A0DE7D700A52C6E /* dropBoxerTests.m */ = {isa = PBXFileReference; lastKnownFileType = sourcecode.c.objc; path = dropBoxerTests.m; sourceTree = "<group>"; };
/* End PBXFileReference section */

/* Begin PBXFrameworksBuildPhase section */
		02F5BF211A0DE7D700A52C6E /* Frameworks */ = {
			isa = PBXFrameworksBuildPhase;
			buildActionMask = 2147483647;
			files = (
				02C1F2961A0E212F0072655D /* libz.dylib in Frameworks */,
				02C1F2941A0E211F0072655D /* libc++.dylib in Frameworks */,
				02C1F2921A0E210D0072655D /* QuartzCore.framework in Frameworks */,
				02C1F2901A0E21030072655D /* SystemConfiguration.framework in Frameworks */,
				02C1F28E1A0E20F70072655D /* Security.framework in Frameworks */,
				02C1F28C1A0E20EE0072655D /* CFNetwork.framework in Frameworks */,
				02C1F2991A0E230A0072655D /* UIKit.framework in Frameworks */,
				02C1F28A1A0E1F6E0072655D /* Dropbox.framework in Frameworks */,
			);
			runOnlyForDeploymentPostprocessing = 0;
		};
		02F5BF3D1A0DE7D700A52C6E /* Frameworks */ = {
			isa = PBXFrameworksBuildPhase;
			buildActionMask = 2147483647;
			files = (
			);
			runOnlyForDeploymentPostprocessing = 0;
		};
/* End PBXFrameworksBuildPhase section */

/* Begin PBXGroup section */
		02C1F2791A0E1C480072655D /* bar button images */ = {
			isa = PBXGroup;
			children = (
				028B79A01A0E99C500F8F852 /* slr_camera2_filled-512.png */,
				02C1F2551A0E19750072655D /* globe_filled.png */,
				02C1F2561A0E19750072655D /* globe_filled@2x.png */,
				02C1F2571A0E19750072655D /* globe_filled@3x.png */,
				02C1F2581A0E19750072655D /* globe.png */,
				02C1F2591A0E19750072655D /* globe@2x.png */,
				02C1F25A1A0E19750072655D /* globe@3x.png */,
				02C1F25B1A0E19750072655D /* stack_of_photos_filled.png */,
				02C1F27A1A0E1D320072655D /* slr_camera2_filled.png */,
				02C1F27B1A0E1D320072655D /* slr_camera2_filled@2x.png */,
				02C1F27C1A0E1D320072655D /* slr_camera2_filled@3x.png */,
				02C1F27D1A0E1D320072655D /* slr_camera2.png */,
				02C1F27E1A0E1D320072655D /* slr_camera2@2x.png */,
				02C1F27F1A0E1D320072655D /* slr_camera2@3x.png */,
				02C1F25C1A0E19750072655D /* stack_of_photos_filled@2x.png */,
				02C1F25D1A0E19750072655D /* stack_of_photos_filled@3x.png */,
				02C1F25E1A0E19750072655D /* stack_of_photos.png */,
				02C1F25F1A0E19750072655D /* stack_of_photos@2x.png */,
				02C1F2601A0E19750072655D /* stack_of_photos@3x.png */,
			);
			name = "bar button images";
			sourceTree = "<group>";
		};
		02C1F2861A0E1F090072655D /* Frameworks */ = {
			isa = PBXGroup;
			children = (
				02C1F2981A0E230A0072655D /* UIKit.framework */,
				02C1F2951A0E212F0072655D /* libz.dylib */,
				02C1F2931A0E211F0072655D /* libc++.dylib */,
				02C1F2911A0E210D0072655D /* QuartzCore.framework */,
				02C1F28F1A0E21030072655D /* SystemConfiguration.framework */,
				02C1F28D1A0E20F70072655D /* Security.framework */,
				02C1F28B1A0E20EE0072655D /* CFNetwork.framework */,
				02C1F2891A0E1F6E0072655D /* Dropbox.framework */,
			);
			name = Frameworks;
			sourceTree = "<group>";
		};
		02F5BF1B1A0DE7D700A52C6E = {
			isa = PBXGroup;
			children = (
				02F5BF261A0DE7D700A52C6E /* dropBoxer */,
				02F5BF431A0DE7D700A52C6E /* dropBoxerTests */,
				02F5BF251A0DE7D700A52C6E /* Products */,
			);
			sourceTree = "<group>";
		};
		02F5BF251A0DE7D700A52C6E /* Products */ = {
			isa = PBXGroup;
			children = (
				02F5BF241A0DE7D700A52C6E /* dropBoxer.app */,
				02F5BF401A0DE7D700A52C6E /* dropBoxerTests.xctest */,
			);
			name = Products;
			sourceTree = "<group>";
		};
		02F5BF261A0DE7D700A52C6E /* dropBoxer */ = {
			isa = PBXGroup;
			children = (
				02F5BF341A0DE7D700A52C6E /* Main.storyboard */,
				02F5BF2B1A0DE7D700A52C6E /* AppDelegate.h */,
				02F5BF2C1A0DE7D700A52C6E /* AppDelegate.m */,
				02C1F2521A0E11900072655D /* CameraController.h */,
				02C1F2531A0E11900072655D /* CameraController.m */,
				025039C71A0E837500D9656D /* CurrentLocationManager.h */,
				025039C81A0E837500D9656D /* CurrentLocationManager.m */,
				023FC37F1A0E5325004F2070 /* defaultCell.h */,
				023FC3801A0E5325004F2070 /* defaultCell.m */,
				023FC3851A0E5953004F2070 /* DetailController.h */,
				023FC3861A0E5953004F2070 /* DetailController.m */,
				02C1F2491A0E10450072655D /* DropBoxManager.h */,
				02C1F24A1A0E10450072655D /* DropBoxManager.m */,
				025039CA1A0E877800D9656D /* UIImage+AddGPS.h */,
				025039CB1A0E877800D9656D /* UIImage+AddGPS.m */,
				02F5BF371A0DE7D700A52C6E /* Images.xcassets */,
				02C1F29C1A0E2D0A0072655D /* Keys.h */,
				02C1F29D1A0E2D0A0072655D /* Keys.m */,
				02F5BF391A0DE7D700A52C6E /* LaunchScreen.xib */,
				023FC37A1A0E466F004F2070 /* ListControllerDelegate.h */,
				02F5BF2E1A0DE7D700A52C6E /* ListViewController.h */,
				02F5BF2F1A0DE7D700A52C6E /* ListViewController.m */,
				02F5BF311A0DE7D700A52C6E /* MapViewController.h */,
				02F5BF321A0DE7D700A52C6E /* MapViewController.m */,
				02C1F24F1A0E10950072655D /* ModelController.h */,
				02C1F2501A0E10950072655D /* ModelController.m */,
				023FC37B1A0E46CB004F2070 /* ModelControllerDelegate.h */,
				02C1F2861A0E1F090072655D /* Frameworks */,
				02F5BF271A0DE7D700A52C6E /* Supporting Files */,
			);
			path = dropBoxer;
			sourceTree = "<group>";
		};
		02F5BF271A0DE7D700A52C6E /* Supporting Files */ = {
			isa = PBXGroup;
			children = (
				02C1F29B1A0E287D0072655D /* dropBoxer.pch */,
				02C1F2791A0E1C480072655D /* bar button images */,
				02F5BF281A0DE7D700A52C6E /* Info.plist */,
				02F5BF291A0DE7D700A52C6E /* main.m */,
			);
			name = "Supporting Files";
			sourceTree = "<group>";
		};
		02F5BF431A0DE7D700A52C6E /* dropBoxerTests */ = {
			isa = PBXGroup;
			children = (
				02F5BF461A0DE7D700A52C6E /* dropBoxerTests.m */,
				02F5BF441A0DE7D700A52C6E /* Supporting Files */,
			);
			path = dropBoxerTests;
			sourceTree = "<group>";
		};
		02F5BF441A0DE7D700A52C6E /* Supporting Files */ = {
			isa = PBXGroup;
			children = (
				02F5BF451A0DE7D700A52C6E /* Info.plist */,
			);
			name = "Supporting Files";
			sourceTree = "<group>";
		};
/* End PBXGroup section */

/* Begin PBXNativeTarget section */
		02F5BF231A0DE7D700A52C6E /* dropBoxer */ = {
			isa = PBXNativeTarget;
			buildConfigurationList = 02F5BF4A1A0DE7D700A52C6E /* Build configuration list for PBXNativeTarget "dropBoxer" */;
			buildPhases = (
				02F5BF201A0DE7D700A52C6E /* Sources */,
				02F5BF211A0DE7D700A52C6E /* Frameworks */,
				02F5BF221A0DE7D700A52C6E /* Resources */,
			);
			buildRules = (
			);
			dependencies = (
			);
			name = dropBoxer;
			productName = dropBoxer;
			productReference = 02F5BF241A0DE7D700A52C6E /* dropBoxer.app */;
			productType = "com.apple.product-type.application";
		};
		02F5BF3F1A0DE7D700A52C6E /* dropBoxerTests */ = {
			isa = PBXNativeTarget;
			buildConfigurationList = 02F5BF4D1A0DE7D700A52C6E /* Build configuration list for PBXNativeTarget "dropBoxerTests" */;
			buildPhases = (
				02F5BF3C1A0DE7D700A52C6E /* Sources */,
				02F5BF3D1A0DE7D700A52C6E /* Frameworks */,
				02F5BF3E1A0DE7D700A52C6E /* Resources */,
			);
			buildRules = (
			);
			dependencies = (
				02F5BF421A0DE7D700A52C6E /* PBXTargetDependency */,
			);
			name = dropBoxerTests;
			productName = dropBoxerTests;
			productReference = 02F5BF401A0DE7D700A52C6E /* dropBoxerTests.xctest */;
			productType = "com.apple.product-type.bundle.unit-test";
		};
/* End PBXNativeTarget section */

/* Begin PBXProject section */
		02F5BF1C1A0DE7D700A52C6E /* Project object */ = {
			isa = PBXProject;
			attributes = {
				LastUpgradeCheck = 0610;
				ORGANIZATIONNAME = "Ron Barr";
				TargetAttributes = {
					02F5BF231A0DE7D700A52C6E = {
						CreatedOnToolsVersion = 6.1;
					};
					02F5BF3F1A0DE7D700A52C6E = {
						CreatedOnToolsVersion = 6.1;
						TestTargetID = 02F5BF231A0DE7D700A52C6E;
					};
				};
			};
			buildConfigurationList = 02F5BF1F1A0DE7D700A52C6E /* Build configuration list for PBXProject "dropBoxer" */;
			compatibilityVersion = "Xcode 3.2";
			developmentRegion = English;
			hasScannedForEncodings = 0;
			knownRegions = (
				en,
				Base,
			);
			mainGroup = 02F5BF1B1A0DE7D700A52C6E;
			productRefGroup = 02F5BF251A0DE7D700A52C6E /* Products */;
			projectDirPath = "";
			projectRoot = "";
			targets = (
				02F5BF231A0DE7D700A52C6E /* dropBoxer */,
				02F5BF3F1A0DE7D700A52C6E /* dropBoxerTests */,
			);
		};
/* End PBXProject section */

/* Begin PBXResourcesBuildPhase section */
		02F5BF221A0DE7D700A52C6E /* Resources */ = {
			isa = PBXResourcesBuildPhase;
			buildActionMask = 2147483647;
			files = (
				02C1F26A1A0E19750072655D /* stack_of_photos.png in Resources */,
				02C1F2821A0E1D320072655D /* slr_camera2_filled@3x.png in Resources */,
				02C1F2691A0E19750072655D /* stack_of_photos_filled@3x.png in Resources */,
				02C1F2621A0E19750072655D /* globe_filled@2x.png in Resources */,
				02C1F2831A0E1D320072655D /* slr_camera2.png in Resources */,
				02C1F2801A0E1D320072655D /* slr_camera2_filled.png in Resources */,
				02C1F2641A0E19750072655D /* globe.png in Resources */,
				02C1F2671A0E19750072655D /* stack_of_photos_filled.png in Resources */,
				02C1F2651A0E19750072655D /* globe@2x.png in Resources */,
				02C1F2631A0E19750072655D /* globe_filled@3x.png in Resources */,
				02F5BF361A0DE7D700A52C6E /* Main.storyboard in Resources */,
				02F5BF3B1A0DE7D700A52C6E /* LaunchScreen.xib in Resources */,
				02C1F26B1A0E19750072655D /* stack_of_photos@2x.png in Resources */,
				02C1F2661A0E19750072655D /* globe@3x.png in Resources */,
				02C1F2841A0E1D320072655D /* slr_camera2@2x.png in Resources */,
				02C1F2851A0E1D320072655D /* slr_camera2@3x.png in Resources */,
				02C1F26C1A0E19750072655D /* stack_of_photos@3x.png in Resources */,
				02C1F2681A0E19750072655D /* stack_of_photos_filled@2x.png in Resources */,
				028B79A11A0E99C500F8F852 /* slr_camera2_filled-512.png in Resources */,
				02F5BF381A0DE7D700A52C6E /* Images.xcassets in Resources */,
				02C1F2611A0E19750072655D /* globe_filled.png in Resources */,
				02C1F2811A0E1D320072655D /* slr_camera2_filled@2x.png in Resources */,
			);
			runOnlyForDeploymentPostprocessing = 0;
		};
		02F5BF3E1A0DE7D700A52C6E /* Resources */ = {
			isa = PBXResourcesBuildPhase;
			buildActionMask = 2147483647;
			files = (
			);
			runOnlyForDeploymentPostprocessing = 0;
		};
/* End PBXResourcesBuildPhase section */

/* Begin PBXSourcesBuildPhase section */
		02F5BF201A0DE7D700A52C6E /* Sources */ = {
			isa = PBXSourcesBuildPhase;
			buildActionMask = 2147483647;
			files = (
				02F5BF331A0DE7D700A52C6E /* MapViewController.m in Sources */,
				02C1F24B1A0E10450072655D /* DropBoxManager.m in Sources */,
				025039CC1A0E877800D9656D /* UIImage+AddGPS.m in Sources */,
				023FC3871A0E5953004F2070 /* DetailController.m in Sources */,
				025039C91A0E837500D9656D /* CurrentLocationManager.m in Sources */,
				02F5BF2D1A0DE7D700A52C6E /* AppDelegate.m in Sources */,
				02C1F2541A0E11900072655D /* CameraController.m in Sources */,
				02C1F2511A0E10950072655D /* ModelController.m in Sources */,
				02C1F29E1A0E2D0A0072655D /* Keys.m in Sources */,
				02F5BF301A0DE7D700A52C6E /* ListViewController.m in Sources */,
				02F5BF2A1A0DE7D700A52C6E /* main.m in Sources */,
				023FC3811A0E5325004F2070 /* defaultCell.m in Sources */,
			);
			runOnlyForDeploymentPostprocessing = 0;
		};
		02F5BF3C1A0DE7D700A52C6E /* Sources */ = {
			isa = PBXSourcesBuildPhase;
			buildActionMask = 2147483647;
			files = (
				02F5BF471A0DE7D700A52C6E /* dropBoxerTests.m in Sources */,
			);
			runOnlyForDeploymentPostprocessing = 0;
		};
/* End PBXSourcesBuildPhase section */

/* Begin PBXTargetDependency section */
		02F5BF421A0DE7D700A52C6E /* PBXTargetDependency */ = {
			isa = PBXTargetDependency;
			target = 02F5BF231A0DE7D700A52C6E /* dropBoxer */;
			targetProxy = 02F5BF411A0DE7D700A52C6E /* PBXContainerItemProxy */;
		};
/* End PBXTargetDependency section */

/* Begin PBXVariantGroup section */
		02F5BF341A0DE7D700A52C6E /* Main.storyboard */ = {
			isa = PBXVariantGroup;
			children = (
				02F5BF351A0DE7D700A52C6E /* Base */,
			);
			name = Main.storyboard;
			sourceTree = "<group>";
		};
		02F5BF391A0DE7D700A52C6E /* LaunchScreen.xib */ = {
			isa = PBXVariantGroup;
			children = (
				02F5BF3A1A0DE7D700A52C6E /* Base */,
			);
			name = LaunchScreen.xib;
			sourceTree = "<group>";
		};
/* End PBXVariantGroup section */

/* Begin XCBuildConfiguration section */
		02F5BF481A0DE7D700A52C6E /* Debug */ = {
			isa = XCBuildConfiguration;
			buildSettings = {
				ALWAYS_SEARCH_USER_PATHS = NO;
				CLANG_CXX_LANGUAGE_STANDARD = "gnu++0x";
				CLANG_CXX_LIBRARY = "libc++";
				CLANG_ENABLE_MODULES = YES;
				CLANG_ENABLE_OBJC_ARC = YES;
				CLANG_WARN_BOOL_CONVERSION = YES;
				CLANG_WARN_CONSTANT_CONVERSION = YES;
				CLANG_WARN_DIRECT_OBJC_ISA_USAGE = YES_ERROR;
				CLANG_WARN_EMPTY_BODY = YES;
				CLANG_WARN_ENUM_CONVERSION = YES;
				CLANG_WARN_INT_CONVERSION = YES;
				CLANG_WARN_OBJC_ROOT_CLASS = YES_ERROR;
				CLANG_WARN_UNREACHABLE_CODE = YES;
				CLANG_WARN__DUPLICATE_METHOD_MATCH = YES;
				"CODE_SIGN_IDENTITY[sdk=iphoneos*]" = "iPhone Developer";
				COPY_PHASE_STRIP = NO;
				ENABLE_STRICT_OBJC_MSGSEND = YES;
				GCC_C_LANGUAGE_STANDARD = gnu99;
				GCC_DYNAMIC_NO_PIC = NO;
				GCC_OPTIMIZATION_LEVEL = 0;
				GCC_PREPROCESSOR_DEFINITIONS = (
					"DEBUG=1",
					"$(inherited)",
				);
				GCC_SYMBOLS_PRIVATE_EXTERN = NO;
				GCC_WARN_64_TO_32_BIT_CONVERSION = YES;
				GCC_WARN_ABOUT_RETURN_TYPE = YES_ERROR;
				GCC_WARN_UNDECLARED_SELECTOR = YES;
				GCC_WARN_UNINITIALIZED_AUTOS = YES_AGGRESSIVE;
				GCC_WARN_UNUSED_FUNCTION = YES;
				GCC_WARN_UNUSED_VARIABLE = YES;
				IPHONEOS_DEPLOYMENT_TARGET = 8.1;
				MTL_ENABLE_DEBUG_INFO = YES;
				ONLY_ACTIVE_ARCH = YES;
				SDKROOT = iphoneos;
				TARGETED_DEVICE_FAMILY = "1,2";
			};
			name = Debug;
		};
		02F5BF491A0DE7D700A52C6E /* Release */ = {
			isa = XCBuildConfiguration;
			buildSettings = {
				ALWAYS_SEARCH_USER_PATHS = NO;
				CLANG_CXX_LANGUAGE_STANDARD = "gnu++0x";
				CLANG_CXX_LIBRARY = "libc++";
				CLANG_ENABLE_MODULES = YES;
				CLANG_ENABLE_OBJC_ARC = YES;
				CLANG_WARN_BOOL_CONVERSION = YES;
				CLANG_WARN_CONSTANT_CONVERSION = YES;
				CLANG_WARN_DIRECT_OBJC_ISA_USAGE = YES_ERROR;
				CLANG_WARN_EMPTY_BODY = YES;
				CLANG_WARN_ENUM_CONVERSION = YES;
				CLANG_WARN_INT_CONVERSION = YES;
				CLANG_WARN_OBJC_ROOT_CLASS = YES_ERROR;
				CLANG_WARN_UNREACHABLE_CODE = YES;
				CLANG_WARN__DUPLICATE_METHOD_MATCH = YES;
				"CODE_SIGN_IDENTITY[sdk=iphoneos*]" = "iPhone Developer";
				COPY_PHASE_STRIP = YES;
				ENABLE_NS_ASSERTIONS = NO;
				ENABLE_STRICT_OBJC_MSGSEND = YES;
				GCC_C_LANGUAGE_STANDARD = gnu99;
				GCC_WARN_64_TO_32_BIT_CONVERSION = YES;
				GCC_WARN_ABOUT_RETURN_TYPE = YES_ERROR;
				GCC_WARN_UNDECLARED_SELECTOR = YES;
				GCC_WARN_UNINITIALIZED_AUTOS = YES_AGGRESSIVE;
				GCC_WARN_UNUSED_FUNCTION = YES;
				GCC_WARN_UNUSED_VARIABLE = YES;
				IPHONEOS_DEPLOYMENT_TARGET = 8.1;
				MTL_ENABLE_DEBUG_INFO = NO;
				SDKROOT = iphoneos;
				TARGETED_DEVICE_FAMILY = "1,2";
				VALIDATE_PRODUCT = YES;
			};
			name = Release;
		};
		02F5BF4B1A0DE7D700A52C6E /* Debug */ = {
			isa = XCBuildConfiguration;
			buildSettings = {
				ASSETCATALOG_COMPILER_APPICON_NAME = AppIcon;
				FRAMEWORK_SEARCH_PATHS = (
					"$(inherited)",
					"$(PROJECT_DIR)/dropBoxer",
				);
				GCC_PRECOMPILE_PREFIX_HEADER = YES;
				GCC_PREFIX_HEADER = dropBoxer.pch;
				INFOPLIST_FILE = dropBoxer/Info.plist;
				LD_RUNPATH_SEARCH_PATHS = "$(inherited) @executable_path/Frameworks";
				PRODUCT_NAME = "$(TARGET_NAME)";
			};
			name = Debug;
		};
		02F5BF4C1A0DE7D700A52C6E /* Release */ = {
			isa = XCBuildConfiguration;
			buildSettings = {
				ASSETCATALOG_COMPILER_APPICON_NAME = AppIcon;
				FRAMEWORK_SEARCH_PATHS = (
					"$(inherited)",
					"$(PROJECT_DIR)/dropBoxer",
				);
				GCC_PRECOMPILE_PREFIX_HEADER = YES;
				GCC_PREFIX_HEADER = dropBoxer.pch;
				INFOPLIST_FILE = dropBoxer/Info.plist;
				LD_RUNPATH_SEARCH_PATHS = "$(inherited) @executable_path/Frameworks";
				PRODUCT_NAME = "$(TARGET_NAME)";
			};
			name = Release;
		};
		02F5BF4E1A0DE7D700A52C6E /* Debug */ = {
			isa = XCBuildConfiguration;
			buildSettings = {
				BUNDLE_LOADER = "$(TEST_HOST)";
				FRAMEWORK_SEARCH_PATHS = (
					"$(SDKROOT)/Developer/Library/Frameworks",
					"$(inherited)",
				);
				GCC_PREPROCESSOR_DEFINITIONS = (
					"DEBUG=1",
					"$(inherited)",
				);
				INFOPLIST_FILE = dropBoxerTests/Info.plist;
				LD_RUNPATH_SEARCH_PATHS = "$(inherited) @executable_path/Frameworks @loader_path/Frameworks";
				PRODUCT_NAME = "$(TARGET_NAME)";
				TEST_HOST = "$(BUILT_PRODUCTS_DIR)/dropBoxer.app/dropBoxer";
			};
			name = Debug;
		};
		02F5BF4F1A0DE7D700A52C6E /* Release */ = {
			isa = XCBuildConfiguration;
			buildSettings = {
				BUNDLE_LOADER = "$(TEST_HOST)";
				FRAMEWORK_SEARCH_PATHS = (
					"$(SDKROOT)/Developer/Library/Frameworks",
					"$(inherited)",
				);
				INFOPLIST_FILE = dropBoxerTests/Info.plist;
				LD_RUNPATH_SEARCH_PATHS = "$(inherited) @executable_path/Frameworks @loader_path/Frameworks";
				PRODUCT_NAME = "$(TARGET_NAME)";
				TEST_HOST = "$(BUILT_PRODUCTS_DIR)/dropBoxer.app/dropBoxer";
			};
			name = Release;
		};
/* End XCBuildConfiguration section */

/* Begin XCConfigurationList section */
		02F5BF1F1A0DE7D700A52C6E /* Build configuration list for PBXProject "dropBoxer" */ = {
			isa = XCConfigurationList;
			buildConfigurations = (
				02F5BF481A0DE7D700A52C6E /* Debug */,
				02F5BF491A0DE7D700A52C6E /* Release */,
			);
			defaultConfigurationIsVisible = 0;
			defaultConfigurationName = Release;
		};
		02F5BF4A1A0DE7D700A52C6E /* Build configuration list for PBXNativeTarget "dropBoxer" */ = {
			isa = XCConfigurationList;
			buildConfigurations = (
				02F5BF4B1A0DE7D700A52C6E /* Debug */,
				02F5BF4C1A0DE7D700A52C6E /* Release */,
			);
			defaultConfigurationIsVisible = 0;
			defaultConfigurationName = Release;
		};
		02F5BF4D1A0DE7D700A52C6E /* Build configuration list for PBXNativeTarget "dropBoxerTests" */ = {
			isa = XCConfigurationList;
			buildConfigurations = (
				02F5BF4E1A0DE7D700A52C6E /* Debug */,
				02F5BF4F1A0DE7D700A52C6E /* Release */,
			);
			defaultConfigurationIsVisible = 0;
			defaultConfigurationName = Release;
		};
/* End XCConfigurationList section */
	};
	rootObject = 02F5BF1C1A0DE7D700A52C6E /* Project object */;
}
